
Microsoft Visual Studio Solution File, Format Version 12.00
# Visual Studio 15
VisualStudioVersion = 15.0.28010.2046
MinimumVisualStudioVersion = 10.0.40219.1
Project("{FAE04EC0-301F-11D3-BF4B-00C04F79EFBC}") = "ServerApp.Android", "ServerApp\ServerApp.Android\ServerApp.Android.csproj", "{03EC1225-750C-41D5-BC45-BCA4C9D7FC65}"
EndProject
Project("{FAE04EC0-301F-11D3-BF4B-00C04F79EFBC}") = "ServerApp.iOS", "ServerApp\ServerApp.iOS\ServerApp.iOS.csproj", "{B7D02239-0E27-4DF4-98FD-D3816438C567}"
EndProject
Project("{FAE04EC0-301F-11D3-BF4B-00C04F79EFBC}") = "ServerApp", "ServerApp\ServerApp\ServerApp.csproj", "{EE7C3788-3EB2-410F-9231-11EC88FBE8FF}"
EndProject
Global
	GlobalSection(SolutionConfigurationPlatforms) = preSolution
		Ad-Hoc|Any CPU = Ad-Hoc|Any CPU
		Ad-Hoc|iPhone = Ad-Hoc|iPhone
		Ad-Hoc|iPhoneSimulator = Ad-Hoc|iPhoneSimulator
		AppStore|Any CPU = AppStore|Any CPU
		AppStore|iPhone = AppStore|iPhone
		AppStore|iPhoneSimulator = AppStore|iPhoneSimulator
		Debug|Any CPU = Debug|Any CPU
		Debug|iPhone = Debug|iPhone
		Debug|iPhoneSimulator = Debug|iPhoneSimulator
		Release|Any CPU = Release|Any CPU
		Release|iPhone = Release|iPhone
		Release|iPhoneSimulator = Release|iPhoneSimulator
	EndGlobalSection
	GlobalSection(ProjectConfigurationPlatforms) = postSolution
		{03EC1225-750C-41D5-BC45-BCA4C9D7FC65}.Ad-Hoc|Any CPU.ActiveCfg = Release|Any CPU
		{03EC1225-750C-41D5-BC45-BCA4C9D7FC65}.Ad-Hoc|Any CPU.Build.0 = Release|Any CPU
		{03EC1225-750C-41D5-BC45-BCA4C9D7FC65}.Ad-Hoc|Any CPU.Deploy.0 = Release|Any CPU
		{03EC1225-750C-41D5-BC45-BCA4C9D7FC65}.Ad-Hoc|iPhone.ActiveCfg = Release|Any CPU
		{03EC1225-750C-41D5-BC45-BCA4C9D7FC65}.Ad-Hoc|iPhone.Build.0 = Release|Any CPU
		{03EC1225-750C-41D5-BC45-BCA4C9D7FC65}.Ad-Hoc|iPhone.Deploy.0 = Release|Any CPU
		{03EC1225-750C-41D5-BC45-BCA4C9D7FC65}.Ad-Hoc|iPhoneSimulator.ActiveCfg = Release|Any CPU
		{03EC1225-750C-41D5-BC45-BCA4C9D7FC65}.Ad-Hoc|iPhoneSimulator.Build.0 = Release|Any CPU
		{03EC1225-750C-41D5-BC45-BCA4C9D7FC65}.Ad-Hoc|iPhoneSimulator.Deploy.0 = Release|Any CPU
		{03EC1225-750C-41D5-BC45-BCA4C9D7FC65}.AppStore|Any CPU.ActiveCfg = Release|Any CPU
		{03EC1225-750C-41D5-BC45-BCA4C9D7FC65}.AppStore|Any CPU.Build.0 = Release|Any CPU
		{03EC1225-750C-41D5-BC45-BCA4C9D7FC65}.AppStore|Any CPU.Deploy.0 = Release|Any CPU
		{03EC1225-750C-41D5-BC45-BCA4C9D7FC65}.AppStore|iPhone.ActiveCfg = Release|Any CPU
		{03EC1225-750C-41D5-BC45-BCA4C9D7FC65}.AppStore|iPhone.Build.0 = Release|Any CPU
		{03EC1225-750C-41D5-BC45-BCA4C9D7FC65}.AppStore|iPhone.Deploy.0 = Release|Any CPU
		{03EC1225-750C-41D5-BC45-BCA4C9D7FC65}.AppStore|iPhoneSimulator.ActiveCfg = Release|Any CPU
		{03EC1225-750C-41D5-BC45-BCA4C9D7FC65}.AppStore|iPhoneSimulator.Build.0 = Release|Any CPU
		{03EC1225-750C-41D5-BC45-BCA4C9D7FC65}.AppStore|iPhoneSimulator.Deploy.0 = Release|Any CPU
		{03EC1225-750C-41D5-BC45-BCA4C9D7FC65}.Debug|Any CPU.ActiveCfg = Debug|Any CPU
		{03EC1225-750C-41D5-BC45-BCA4C9D7FC65}.Debug|Any CPU.Build.0 = Debug|Any CPU
		{03EC1225-750C-41D5-BC45-BCA4C9D7FC65}.Debug|Any CPU.Deploy.0 = Debug|Any CPU
		{03EC1225-750C-41D5-BC45-BCA4C9D7FC65}.Debug|iPhone.ActiveCfg = Debug|Any CPU
		{03EC1225-750C-41D5-BC45-BCA4C9D7FC65}.Debug|iPhone.Build.0 = Debug|Any CPU
		{03EC1225-750C-41D5-BC45-BCA4C9D7FC65}.Debug|iPhone.Deploy.0 = Debug|Any CPU
		{03EC1225-750C-41D5-BC45-BCA4C9D7FC65}.Debug|iPhoneSimulator.ActiveCfg = Debug|Any CPU
		{03EC1225-750C-41D5-BC45-BCA4C9D7FC65}.Debug|iPhoneSimulator.Build.0 = Debug|Any CPU
		{03EC1225-750C-41D5-BC45-BCA4C9D7FC65}.Debug|iPhoneSimulator.Deploy.0 = Debug|Any CPU
		{03EC1225-750C-41D5-BC45-BCA4C9D7FC65}.Release|Any CPU.ActiveCfg = Release|Any CPU
		{03EC1225-750C-41D5-BC45-BCA4C9D7FC65}.Release|Any CPU.Build.0 = Release|Any CPU
		{03EC1225-750C-41D5-BC45-BCA4C9D7FC65}.Release|Any CPU.Deploy.0 = Release|Any CPU
		{03EC1225-750C-41D5-BC45-BCA4C9D7FC65}.Release|iPhone.ActiveCfg = Release|Any CPU
		{03EC1225-750C-41D5-BC45-BCA4C9D7FC65}.Release|iPhone.Build.0 = Release|Any CPU
		{03EC1225-750C-41D5-BC45-BCA4C9D7FC65}.Release|iPhone.Deploy.0 = Release|Any CPU
		{03EC1225-750C-41D5-BC45-BCA4C9D7FC65}.Release|iPhoneSimulator.ActiveCfg = Release|Any CPU
		{03EC1225-750C-41D5-BC45-BCA4C9D7FC65}.Release|iPhoneSimulator.Build.0 = Release|Any CPU
		{03EC1225-750C-41D5-BC45-BCA4C9D7FC65}.Release|iPhoneSimulator.Deploy.0 = Release|Any CPU
		{B7D02239-0E27-4DF4-98FD-D3816438C567}.Ad-Hoc|Any CPU.ActiveCfg = Ad-Hoc|iPhone
		{B7D02239-0E27-4DF4-98FD-D3816438C567}.Ad-Hoc|Any CPU.Build.0 = Ad-Hoc|iPhone
		{B7D02239-0E27-4DF4-98FD-D3816438C567}.Ad-Hoc|Any CPU.Deploy.0 = Ad-Hoc|iPhone
		{B7D02239-0E27-4DF4-98FD-D3816438C567}.Ad-Hoc|iPhone.ActiveCfg = Ad-Hoc|iPhone
		{B7D02239-0E27-4DF4-98FD-D3816438C567}.Ad-Hoc|iPhone.Build.0 = Ad-Hoc|iPhone
		{B7D02239-0E27-4DF4-98FD-D3816438C567}.Ad-Hoc|iPhone.Deploy.0 = Ad-Hoc|iPhone
		{B7D02239-0E27-4DF4-98FD-D3816438C567}.Ad-Hoc|iPhoneSimulator.ActiveCfg = Ad-Hoc|iPhoneSimulator
		{B7D02239-0E27-4DF4-98FD-D3816438C567}.Ad-Hoc|iPhoneSimulator.Build.0 = Ad-Hoc|iPhoneSimulator
		{B7D02239-0E27-4DF4-98FD-D3816438C567}.Ad-Hoc|iPhoneSimulator.Deploy.0 = Ad-Hoc|iPhoneSimulator
		{B7D02239-0E27-4DF4-98FD-D3816438C567}.AppStore|Any CPU.ActiveCfg = AppStore|iPhone
		{B7D02239-0E27-4DF4-98FD-D3816438C567}.AppStore|Any CPU.Build.0 = AppStore|iPhone
		{B7D02239-0E27-4DF4-98FD-D3816438C567}.AppStore|Any CPU.Deploy.0 = AppStore|iPhone
		{B7D02239-0E27-4DF4-98FD-D3816438C567}.AppStore|iPhone.ActiveCfg = AppStore|iPhone
		{B7D02239-0E27-4DF4-98FD-D3816438C567}.AppStore|iPhone.Build.0 = AppStore|iPhone
		{B7D02239-0E27-4DF4-98FD-D3816438C567}.AppStore|iPhone.Deploy.0 = AppStore|iPhone
		{B7D02239-0E27-4DF4-98FD-D3816438C567}.AppStore|iPhoneSimulator.ActiveCfg = AppStore|iPhoneSimulator
		{B7D02239-0E27-4DF4-98FD-D3816438C567}.AppStore|iPhoneSimulator.Build.0 = AppStore|iPhoneSimulator
		{B7D02239-0E27-4DF4-98FD-D3816438C567}.AppStore|iPhoneSimulator.Deploy.0 = AppStore|iPhoneSimulator
		{B7D02239-0E27-4DF4-98FD-D3816438C567}.Debug|Any CPU.ActiveCfg = Debug|iPhoneSimulator
		{B7D02239-0E27-4DF4-98FD-D3816438C567}.Debug|Any CPU.Build.0 = Debug|iPhoneSimulator
		{B7D02239-0E27-4DF4-98FD-D3816438C567}.Debug|Any CPU.Deploy.0 = Debug|iPhoneSimulator
		{B7D02239-0E27-4DF4-98FD-D3816438C567}.Debug|iPhone.ActiveCfg = Debug|iPhone
		{B7D02239-0E27-4DF4-98FD-D3816438C567}.Debug|iPhone.Build.0 = Debug|iPhone
		{B7D02239-0E27-4DF4-98FD-D3816438C567}.Debug|iPhone.Deploy.0 = Debug|iPhone
		{B7D02239-0E27-4DF4-98FD-D3816438C567}.Debug|iPhoneSimulator.ActiveCfg = Debug|iPhoneSimulator
		{B7D02239-0E27-4DF4-98FD-D3816438C567}.Debug|iPhoneSimulator.Build.0 = Debug|iPhoneSimulator
		{B7D02239-0E27-4DF4-98FD-D3816438C567}.Debug|iPhoneSimulator.Deploy.0 = Debug|iPhoneSimulator
		{B7D02239-0E27-4DF4-98FD-D3816438C567}.Release|Any CPU.ActiveCfg = Release|iPhone
		{B7D02239-0E27-4DF4-98FD-D3816438C567}.Release|Any CPU.Build.0 = Release|iPhone
		{B7D02239-0E27-4DF4-98FD-D3816438C567}.Release|Any CPU.Deploy.0 = Release|iPhone
		{B7D02239-0E27-4DF4-98FD-D3816438C567}.Release|iPhone.ActiveCfg = Release|iPhone
		{B7D02239-0E27-4DF4-98FD-D3816438C567}.Release|iPhone.Build.0 = Release|iPhone
		{B7D02239-0E27-4DF4-98FD-D3816438C567}.Release|iPhone.Deploy.0 = Release|iPhone
		{B7D02239-0E27-4DF4-98FD-D3816438C567}.Release|iPhoneSimulator.ActiveCfg = Release|iPhoneSimulator
		{B7D02239-0E27-4DF4-98FD-D3816438C567}.Release|iPhoneSimulator.Build.0 = Release|iPhoneSimulator
		{B7D02239-0E27-4DF4-98FD-D3816438C567}.Release|iPhoneSimulator.Deploy.0 = Release|iPhoneSimulator
		{EE7C3788-3EB2-410F-9231-11EC88FBE8FF}.Ad-Hoc|Any CPU.ActiveCfg = Debug|Any CPU
		{EE7C3788-3EB2-410F-9231-11EC88FBE8FF}.Ad-Hoc|Any CPU.Build.0 = Debug|Any CPU
		{EE7C3788-3EB2-410F-9231-11EC88FBE8FF}.Ad-Hoc|Any CPU.Deploy.0 = Debug|Any CPU
		{EE7C3788-3EB2-410F-9231-11EC88FBE8FF}.Ad-Hoc|iPhone.ActiveCfg = Debug|Any CPU
		{EE7C3788-3EB2-410F-9231-11EC88FBE8FF}.Ad-Hoc|iPhone.Build.0 = Debug|Any CPU
		{EE7C3788-3EB2-410F-9231-11EC88FBE8FF}.Ad-Hoc|iPhone.Deploy.0 = Debug|Any CPU
		{EE7C3788-3EB2-410F-9231-11EC88FBE8FF}.Ad-Hoc|iPhoneSimulator.ActiveCfg = Debug|Any CPU
		{EE7C3788-3EB2-410F-9231-11EC88FBE8FF}.Ad-Hoc|iPhoneSimulator.Build.0 = Debug|Any CPU
		{EE7C3788-3EB2-410F-9231-11EC88FBE8FF}.Ad-Hoc|iPhoneSimulator.Deploy.0 = Debug|Any CPU
		{EE7C3788-3EB2-410F-9231-11EC88FBE8FF}.AppStore|Any CPU.ActiveCfg = Debug|Any CPU
		{EE7C3788-3EB2-410F-9231-11EC88FBE8FF}.AppStore|Any CPU.Build.0 = Debug|Any CPU
		{EE7C3788-3EB2-410F-9231-11EC88FBE8FF}.AppStore|Any CPU.Deploy.0 = Debug|Any CPU
		{EE7C3788-3EB2-410F-9231-11EC88FBE8FF}.AppStore|iPhone.ActiveCfg = Debug|Any CPU
		{EE7C3788-3EB2-410F-9231-11EC88FBE8FF}.AppStore|iPhone.Build.0 = Debug|Any CPU
		{EE7C3788-3EB2-410F-9231-11EC88FBE8FF}.AppStore|iPhone.Deploy.0 = Debug|Any CPU
		{EE7C3788-3EB2-410F-9231-11EC88FBE8FF}.AppStore|iPhoneSimulator.ActiveCfg = Debug|Any CPU
		{EE7C3788-3EB2-410F-9231-11EC88FBE8FF}.AppStore|iPhoneSimulator.Build.0 = Debug|Any CPU
		{EE7C3788-3EB2-410F-9231-11EC88FBE8FF}.AppStore|iPhoneSimulator.Deploy.0 = Debug|Any CPU
		{EE7C3788-3EB2-410F-9231-11EC88FBE8FF}.Debug|Any CPU.ActiveCfg = Debug|Any CPU
		{EE7C3788-3EB2-410F-9231-11EC88FBE8FF}.Debug|Any CPU.Build.0 = Debug|Any CPU
		{EE7C3788-3EB2-410F-9231-11EC88FBE8FF}.Debug|Any CPU.Deploy.0 = Debug|Any CPU
		{EE7C3788-3EB2-410F-9231-11EC88FBE8FF}.Debug|iPhone.ActiveCfg = Debug|Any CPU
		{EE7C3788-3EB2-410F-9231-11EC88FBE8FF}.Debug|iPhone.Build.0 = Debug|Any CPU
		{EE7C3788-3EB2-410F-9231-11EC88FBE8FF}.Debug|iPhone.Deploy.0 = Debug|Any CPU
		{EE7C3788-3EB2-410F-9231-11EC88FBE8FF}.Debug|iPhoneSimulator.ActiveCfg = Debug|Any CPU
		{EE7C3788-3EB2-410F-9231-11EC88FBE8FF}.Debug|iPhoneSimulator.Build.0 = Debug|Any CPU
		{EE7C3788-3EB2-410F-9231-11EC88FBE8FF}.Debug|iPhoneSimulator.Deploy.0 = Debug|Any CPU
		{EE7C3788-3EB2-410F-9231-11EC88FBE8FF}.Release|Any CPU.ActiveCfg = Release|Any CPU
		{EE7C3788-3EB2-410F-9231-11EC88FBE8FF}.Release|Any CPU.Build.0 = Release|Any CPU
		{EE7C3788-3EB2-410F-9231-11EC88FBE8FF}.Release|Any CPU.Deploy.0 = Release|Any CPU
		{EE7C3788-3EB2-410F-9231-11EC88FBE8FF}.Release|iPhone.ActiveCfg = Release|Any CPU
		{EE7C3788-3EB2-410F-9231-11EC88FBE8FF}.Release|iPhone.Build.0 = Release|Any CPU
		{EE7C3788-3EB2-410F-9231-11EC88FBE8FF}.Release|iPhone.Deploy.0 = Release|Any CPU
		{EE7C3788-3EB2-410F-9231-11EC88FBE8FF}.Release|iPhoneSimulator.ActiveCfg = Release|Any CPU
		{EE7C3788-3EB2-410F-9231-11EC88FBE8FF}.Release|iPhoneSimulator.Build.0 = Release|Any CPU
		{EE7C3788-3EB2-410F-9231-11EC88FBE8FF}.Release|iPhoneSimulator.Deploy.0 = Release|Any CPU
	EndGlobalSection
	GlobalSection(SolutionProperties) = preSolution
		HideSolutionNode = FALSE
	EndGlobalSection
	GlobalSection(ExtensibilityGlobals) = postSolution
		SolutionGuid = {87EDC3D1-298E-46D5-80A1-E4DFCBD82399}
	EndGlobalSection
EndGlobal
